
Microsoft Visual Studio Solution File, Format Version 12.00
# Visual Studio Version 16
VisualStudioVersion = 16.6.30114.105
MinimumVisualStudioVersion = 10.0.40219.1
Project("{FAE04EC0-301F-11D3-BF4B-00C04F79EFBC}") = "NetBase32", "src\NetBase32\NetBase32.csproj", "{12CBEAEF-4454-456D-951D-828F388E7E7E}"
EndProject
Project("{FAE04EC0-301F-11D3-BF4B-00C04F79EFBC}") = "NetBase32Tests", "test\NetBase32.Tests\NetBase32.Tests.csproj", "{38CC4CC5-BA8B-4C15-A976-A4D5F862DEA3}"
EndProject
Global
	GlobalSection(SolutionConfigurationPlatforms) = preSolution
		Debug|Any CPU = Debug|Any CPU
		Debug|x64 = Debug|x64
		Debug|x86 = Debug|x86
		Release|Any CPU = Release|Any CPU
		Release|x64 = Release|x64
		Release|x86 = Release|x86
	EndGlobalSection
	GlobalSection(SolutionProperties) = preSolution
		HideSolutionNode = FALSE
	EndGlobalSection
	GlobalSection(ProjectConfigurationPlatforms) = postSolution
		{12CBEAEF-4454-456D-951D-828F388E7E7E}.Debug|Any CPU.ActiveCfg = Debug|Any CPU
		{12CBEAEF-4454-456D-951D-828F388E7E7E}.Debug|Any CPU.Build.0 = Debug|Any CPU
		{12CBEAEF-4454-456D-951D-828F388E7E7E}.Debug|x64.ActiveCfg = Debug|Any CPU
		{12CBEAEF-4454-456D-951D-828F388E7E7E}.Debug|x64.Build.0 = Debug|Any CPU
		{12CBEAEF-4454-456D-951D-828F388E7E7E}.Debug|x86.ActiveCfg = Debug|Any CPU
		{12CBEAEF-4454-456D-951D-828F388E7E7E}.Debug|x86.Build.0 = Debug|Any CPU
		{12CBEAEF-4454-456D-951D-828F388E7E7E}.Release|Any CPU.ActiveCfg = Release|Any CPU
		{12CBEAEF-4454-456D-951D-828F388E7E7E}.Release|Any CPU.Build.0 = Release|Any CPU
		{12CBEAEF-4454-456D-951D-828F388E7E7E}.Release|x64.ActiveCfg = Release|Any CPU
		{12CBEAEF-4454-456D-951D-828F388E7E7E}.Release|x64.Build.0 = Release|Any CPU
		{12CBEAEF-4454-456D-951D-828F388E7E7E}.Release|x86.ActiveCfg = Release|Any CPU
		{12CBEAEF-4454-456D-951D-828F388E7E7E}.Release|x86.Build.0 = Release|Any CPU
		{38CC4CC5-BA8B-4C15-A976-A4D5F862DEA3}.Debug|Any CPU.ActiveCfg = Debug|Any CPU
		{38CC4CC5-BA8B-4C15-A976-A4D5F862DEA3}.Debug|Any CPU.Build.0 = Debug|Any CPU
		{38CC4CC5-BA8B-4C15-A976-A4D5F862DEA3}.Debug|x64.ActiveCfg = Debug|Any CPU
		{38CC4CC5-BA8B-4C15-A976-A4D5F862DEA3}.Debug|x64.Build.0 = Debug|Any CPU
		{38CC4CC5-BA8B-4C15-A976-A4D5F862DEA3}.Debug|x86.ActiveCfg = Debug|Any CPU
		{38CC4CC5-BA8B-4C15-A976-A4D5F862DEA3}.Debug|x86.Build.0 = Debug|Any CPU
		{38CC4CC5-BA8B-4C15-A976-A4D5F862DEA3}.Release|Any CPU.ActiveCfg = Release|Any CPU
		{38CC4CC5-BA8B-4C15-A976-A4D5F862DEA3}.Release|Any CPU.Build.0 = Release|Any CPU
		{38CC4CC5-BA8B-4C15-A976-A4D5F862DEA3}.Release|x64.ActiveCfg = Release|Any CPU
		{38CC4CC5-BA8B-4C15-A976-A4D5F862DEA3}.Release|x64.Build.0 = Release|Any CPU
		{38CC4CC5-BA8B-4C15-A976-A4D5F862DEA3}.Release|x86.ActiveCfg = Release|Any CPU
		{38CC4CC5-BA8B-4C15-A976-A4D5F862DEA3}.Release|x86.Build.0 = Release|Any CPU
	EndGlobalSection
EndGlobal
